
Microsoft Visual Studio Solution File, Format Version 12.00
# Visual Studio 15
VisualStudioVersion = 15.0.28010.2016
MinimumVisualStudioVersion = 10.0.40219.1
Project("{8BC9CEB8-8B4A-11D0-8D11-00A0C91BC942}") = "MyneDevice", "MyneDevice.vcxproj", "{E2705D8B-12EC-440D-9E4B-A8D5A8AC0A17}"
EndProject
Project("{8BC9CEB8-8B4A-11D0-8D11-00A0C91BC942}") = "MyneServer", "MyneServer.vcxproj", "{B117D4B4-1299-4B8D-9CFF-7EF1A7254EDD}"
EndProject
Project("{8BC9CEB8-8B4A-11D0-8D11-00A0C91BC942}") = "MyneWindows", "MyneWindows.vcxproj", "{77D550B0-296B-4FEB-B7BA-2EA48B3B0682}"
EndProject
Global
	GlobalSection(SolutionConfigurationPlatforms) = preSolution
		Debug|x64 = Debug|x64
		Release|x64 = Release|x64
	EndGlobalSection
	GlobalSection(ProjectConfigurationPlatforms) = postSolution
		{E2705D8B-12EC-440D-9E4B-A8D5A8AC0A17}.Debug|x64.ActiveCfg = Debug|x64
		{E2705D8B-12EC-440D-9E4B-A8D5A8AC0A17}.Debug|x64.Build.0 = Debug|x64
		{E2705D8B-12EC-440D-9E4B-A8D5A8AC0A17}.Release|x64.ActiveCfg = Release|x64
		{E2705D8B-12EC-440D-9E4B-A8D5A8AC0A17}.Release|x64.Build.0 = Release|x64
		{B117D4B4-1299-4B8D-9CFF-7EF1A7254EDD}.Debug|x64.ActiveCfg = Debug|x64
		{B117D4B4-1299-4B8D-9CFF-7EF1A7254EDD}.Debug|x64.Build.0 = Debug|x64
		{B117D4B4-1299-4B8D-9CFF-7EF1A7254EDD}.Release|x64.ActiveCfg = Release|x64
		{B117D4B4-1299-4B8D-9CFF-7EF1A7254EDD}.Release|x64.Build.0 = Release|x64
		{77D550B0-296B-4FEB-B7BA-2EA48B3B0682}.Debug|x64.ActiveCfg = Debug|x64
		{77D550B0-296B-4FEB-B7BA-2EA48B3B0682}.Debug|x64.Build.0 = Debug|x64
		{77D550B0-296B-4FEB-B7BA-2EA48B3B0682}.Release|x64.ActiveCfg = Release|x64
		{77D550B0-296B-4FEB-B7BA-2EA48B3B0682}.Release|x64.Build.0 = Release|x64
	EndGlobalSection
	GlobalSection(SolutionProperties) = preSolution
		HideSolutionNode = FALSE
	EndGlobalSection
	GlobalSection(ExtensibilityGlobals) = postSolution
		SolutionGuid = {10BE759D-D213-4418-A020-BC7A257F7901}
	EndGlobalSection
EndGlobal
